
Microsoft Visual Studio Solution File, Format Version 12.00
# Visual Studio Version 17
VisualStudioVersion = 17.14.36203.30 d17.14
MinimumVisualStudioVersion = 10.0.40219.1
Project("{888888A0-9F3D-457C-B088-3A5042F75D52}") = "tradebrain", "tradebrain\tradebrain.pyproj", "{202DD55D-CD4C-44C6-AAD4-5E1EFB6AC8B8}"
EndProject
Global
	GlobalSection(SolutionConfigurationPlatforms) = preSolution
		Debug|Any CPU = Debug|Any CPU
		Release|Any CPU = Release|Any CPU
	EndGlobalSection
	GlobalSection(ProjectConfigurationPlatforms) = postSolution
		{202DD55D-CD4C-44C6-AAD4-5E1EFB6AC8B8}.Debug|Any CPU.ActiveCfg = Debug|Any CPU
		{202DD55D-CD4C-44C6-AAD4-5E1EFB6AC8B8}.Release|Any CPU.ActiveCfg = Release|Any CPU
	EndGlobalSection
	GlobalSection(SolutionProperties) = preSolution
		HideSolutionNode = FALSE
	EndGlobalSection
	GlobalSection(ExtensibilityGlobals) = postSolution
		SolutionGuid = {2F92932B-5C8A-4CE7-95BA-506A2907B5F2}
	EndGlobalSection
EndGlobal
